{
  "version": 4,
  "terraform_version": "1.6.2",
  "serial": 31,
  "lineage": "f4114203-65cf-4014-4bf2-86d7a1c680ed",
  "outputs": {},
  "resources": [
    {
      "module": "module.cluster",
      "mode": "managed",
      "type": "kind_cluster",
      "name": "daato",
      "provider": "provider[\"registry.opentofu.org/tehcyx/kind\"]",
      "instances": [
        {
          "schema_version": 0,
          "attributes": {
            "client_certificate": "-----BEGIN CERTIFICATE-----\nMIIDKTCCAhGgAwIBAgIIJu/wEZLHAw0wDQYJKoZIhvcNAQELBQAwFTETMBEGA1UE\nAxMKa3ViZXJuZXRlczAeFw0yNDA0MjEwNzU3MDFaFw0yNTA0MjEwODAyMDNaMDwx\nHzAdBgNVBAoTFmt1YmVhZG06Y2x1c3Rlci1hZG1pbnMxGTAXBgNVBAMTEGt1YmVy\nbmV0ZXMtYWRtaW4wggEiMA0GCSqGSIb3DQEBAQUAA4IBDwAwggEKAoIBAQD4QqlI\nBkNQLx2I6McUyXX0vYg2twdZ6CFUYHyi8V9/VaRBAgQhCGxAbxkx7UOIgHBYlYJq\ndz/4cDxgLR8Nmyda1iXZGt/N1ejj5lfSKDMHFKSeN4DAPLl6VnDcB37G3qm2DCzD\nB52khQgZBdp5QFoWlTHB7y+L+HVu89CcpnnS2RuN9HtRSD4KhWIA+b7xltUD9QrR\n3AZV5woC7Ouo48DIQH0O7ntXXG51cCx7iUJUZ+F73VNjikSL38zYEaSzmAkUC/Ax\n3PDmzG2sTsXFLw7GREPJ30zNivJw5s0vzx2tlk6NtVEOYnlrX/avU2JTUn3elSQX\n95iaVcNPNAUGRSxdAgMBAAGjVjBUMA4GA1UdDwEB/wQEAwIFoDATBgNVHSUEDDAK\nBggrBgEFBQcDAjAMBgNVHRMBAf8EAjAAMB8GA1UdIwQYMBaAFI7j3rqpp81jhNiL\n4/JMwpBb1JpXMA0GCSqGSIb3DQEBCwUAA4IBAQC4g8NCRQ4BzXdqG18DlzbSvYJ4\nPc4IAComGBApWNxIuWNtuxI8dkmaHKcoPZixJh4dWgCGfI4bdv3ZVESka4c+M3WT\n+MDUVy8Lvq/vF02bcBQ2rxgyr89NdHXTMYzxEMjo1lVLZUiBe0hZbCmdAsmdZvUZ\nHNOblrDGJs4yaLRGCR6fvt++WDJVJK8Z+KtL6wQZgjPQ+KJFDY1K8qfWv8paAcg8\nYkDwPpDXA/D3ccgAPceT6JSlU5MNeVA94AWP75kg8mVYM3h6q6e5y962X3Hf7jIr\nb1CWf+MUDPnMXSkmLNNoiC3X8yVpJpEVynaUCimJ8DmjbTDf5fHJ4jMYC+KP\n-----END CERTIFICATE-----\n",
            "client_key": "-----BEGIN RSA PRIVATE KEY-----\nMIIEpAIBAAKCAQEA+EKpSAZDUC8diOjHFMl19L2INrcHWeghVGB8ovFff1WkQQIE\nIQhsQG8ZMe1DiIBwWJWCanc/+HA8YC0fDZsnWtYl2RrfzdXo4+ZX0igzBxSknjeA\nwDy5elZw3Ad+xt6ptgwswwedpIUIGQXaeUBaFpUxwe8vi/h1bvPQnKZ50tkbjfR7\nUUg+CoViAPm+8ZbVA/UK0dwGVecKAuzrqOPAyEB9Du57V1xudXAse4lCVGfhe91T\nY4pEi9/M2BGks5gJFAvwMdzw5sxtrE7FxS8OxkRDyd9MzYrycObNL88drZZOjbVR\nDmJ5a1/2r1NiU1J93pUkF/eYmlXDTzQFBkUsXQIDAQABAoIBAB9DXcf5Ke7mEAUW\ns0NV32nTmFyzjdRvnArhH7DxToJdiZK6K0Txp5gxpW2ZIGEHM56kLUk0/TRPBfti\nkz+GY11YDGobrUVhg7N3ZWXMtChXHCfke205+G2Ehy/eLcPjdGG9hMGGqv511kA4\ncXvFc9LWNO7kLQumXTt8rq+bc0nu177wbKMxP+9ZTzHEpskCJbUF5GnZHtrc/VB2\nPbiK69m5a9UIYyo21bhgilaGBiyiAwzhgSelatEzf8l48Gao16ekY21O2y/RUw/Z\nu40s4rYJH1WxYLnIw9x/jKzXJ9RpajQMAea8aMLRcO/pD9GjzPLhKYjTgv6WJRFz\n7ulV9g0CgYEA/tj80lkSxveAy9zdBTF7bUMUBTXOg3UjCwgVQmlcrYZ9zJHFi4DC\n9z3E/kMPw+JmQHUos3/m2rxf+5LKiLLbiFJAyHUnwsyO334PqETjO2gkylZs4DNd\nwmy4RlWkRtqrQVsx44JLkLYP0/7TquUPDLtI2+D/P/2HFukewY1rty8CgYEA+WIM\nXORMUnv6jO0O56tLnh/fJbD5W6uihV8MM6F3PkqPvSle52Hn6jLKZP+LH0IzRO8d\nKFZUNRcM5HD2B5Lj8wwNQS6hvzBHdEY7Cg4aAzuCySzzG/Kgpr+9tIf44LOM48XJ\nAVRuhbgxB/CtYop4tuDp8F6ElrWmNE46uSZfsjMCgYEAo48Fq8apC3NbgPtOCoA4\nc+ZiGfnvgWUTSYg1hLr0VRYE9N71htPrzRwiqwDFRHWwJFxM8+75bZcKjv4l6FfK\nF5Kaq0ytaRM5+uwABoG3yK/NNOME21t8KET4e4OJfEPpN3fc6+P6tXRzch6RIJQD\n9arZVuzvRNVk9upE5/nokNcCgYBZmv1OM0mpKZrxIAyG+WmGO3V2mYw/gAA5Y9mC\ng7XQ0AGtuju7b9ZgtDc86wUWCjdZwYD8iWhgWxPq0RvVxNXa8q2gihzcEYDbKpD0\nH/UAzFVF67y+ggNvZt3HDEREmL866Eo9DBVaPsB/Vd821QJi05W7JHsHm+VITgOT\nm1IvOQKBgQDjzsT9oSzh2Iea8RSacu3fj0ZkYJLYsr64kMUG/4zdNfX3Tv2BhJZY\ntr4sU0VBxDT13FuXaS7ej2Nv2p/4jKPhSo01LU+0ifc2iVhNfZBfE2eTBj46cgtF\nEwM9ATVkVmw+iRjJbpo4wxX+KRQuEpB0pvBezFUFZi9mkXsBbN0stQ==\n-----END RSA PRIVATE KEY-----\n",
            "cluster_ca_certificate": "-----BEGIN CERTIFICATE-----\nMIIDBTCCAe2gAwIBAgIIY6KykClR9MIwDQYJKoZIhvcNAQELBQAwFTETMBEGA1UE\nAxMKa3ViZXJuZXRlczAeFw0yNDA0MjEwNzU3MDFaFw0zNDA0MTkwODAyMDFaMBUx\nEzARBgNVBAMTCmt1YmVybmV0ZXMwggEiMA0GCSqGSIb3DQEBAQUAA4IBDwAwggEK\nAoIBAQDhh0l9uxnSuEBG4Dc5tAFUz9kY/dxojv/8KiB1aDfvVtOn8yCBlh5FXEoR\nzHGn91rDgYqyiKYAl8oAWqAYrZ1i4P5p+dgaBYsPN6wm09I7DmNlCfDW3QdCjKcy\nXKlHdwrtK8Mj64U5yUtrPeBX33dhseQF9tHA0NFmjs/+QvNrQkWPxk4BcJSn/OQv\ndlv/o+9sAXCKAuLTVqTU7COIx5XNvA4GJquav1t/EM7fKszhKqXTLyyUppO7vHt8\nmbKC3ExxP9TqJmGj8Ex58R6n0ETqZ9s9XKG8OEfSdjserFO2szkOakN1U6GUXcxZ\nsZeVnZXmhwCbnDoktIAnDvtvCstHAgMBAAGjWTBXMA4GA1UdDwEB/wQEAwICpDAP\nBgNVHRMBAf8EBTADAQH/MB0GA1UdDgQWBBSO4966qafNY4TYi+PyTMKQW9SaVzAV\nBgNVHREEDjAMggprdWJlcm5ldGVzMA0GCSqGSIb3DQEBCwUAA4IBAQALuLjl3HcQ\ngg/T32Rw0JBuLmFtcGLyv1kI5XdOCPE/HOajWm3raALLNQoO/NQ9yKMUiYPjz59H\nlhIfO/sCUla8rFQnsFibXob8sQcAkrZDT+AFCn+MHLnFSMANSiwLnIi52eqYY8pg\n42fwXR+q6G2bNpBsdg99pTI4oiL9N+6GLC9Rq/WoQAkZ1IyjARpyOyXMrqUnVb+H\nF1is/4B472zvhPGjXn/wOsg7PZ/4xJiun2NQuieeR1BO2xVMNoZ5zJiQNMai2CG5\nsL+sie5ZQ+0Sjmqn4774+KpKZQRNFHoQrbobL3eOHxSupStBcw2w/JSHAhmDO3d0\n6QVwI/hOONLB\n-----END CERTIFICATE-----\n",
            "completed": true,
            "endpoint": "https://127.0.0.1:43959",
            "id": "homosapiens-",
            "kind_config": [
              {
                "api_version": "kind.x-k8s.io/v1alpha4",
                "containerd_config_patches": [],
                "feature_gates": {},
                "kind": "Cluster",
                "networking": [],
                "node": [
                  {
                    "extra_mounts": [],
                    "extra_port_mappings": [
                      {
                        "container_port": 80,
                        "host_port": 80,
                        "listen_address": "",
                        "protocol": ""
                      },
                      {
                        "container_port": 443,
                        "host_port": 443,
                        "listen_address": "",
                        "protocol": ""
                      }
                    ],
                    "image": "",
                    "kubeadm_config_patches": [
                      "\"kind\": \"InitConfiguration\"\n\"nodeRegistration\":\n  \"kubeletExtraArgs\":\n    \"node-labels\": \"ingress-ready=true\"\n"
                    ],
                    "labels": {},
                    "role": "control-plane"
                  },
                  {
                    "extra_mounts": [],
                    "extra_port_mappings": [],
                    "image": "",
                    "kubeadm_config_patches": [],
                    "labels": {},
                    "role": "worker"
                  }
                ],
                "runtime_config": {}
              }
            ],
            "kubeconfig": "apiVersion: v1\nclusters:\n- cluster:\n    certificate-authority-data: LS0tLS1CRUdJTiBDRVJUSUZJQ0FURS0tLS0tCk1JSURCVENDQWUyZ0F3SUJBZ0lJWTZLeWtDbFI5TUl3RFFZSktvWklodmNOQVFFTEJRQXdGVEVUTUJFR0ExVUUKQXhNS2EzVmlaWEp1WlhSbGN6QWVGdzB5TkRBME1qRXdOelUzTURGYUZ3MHpOREEwTVRrd09EQXlNREZhTUJVeApFekFSQmdOVkJBTVRDbXQxWW1WeWJtVjBaWE13Z2dFaU1BMEdDU3FHU0liM0RRRUJBUVVBQTRJQkR3QXdnZ0VLCkFvSUJBUURoaDBsOXV4blN1RUJHNERjNXRBRlV6OWtZL2R4b2p2LzhLaUIxYURmdlZ0T244eUNCbGg1RlhFb1IKekhHbjkxckRnWXF5aUtZQWw4b0FXcUFZcloxaTRQNXArZGdhQllzUE42d20wOUk3RG1ObENmRFczUWRDaktjeQpYS2xIZHdydEs4TWo2NFU1eVV0clBlQlgzM2Roc2VRRjl0SEEwTkZtanMvK1F2TnJRa1dQeGs0QmNKU24vT1F2CmRsdi9vKzlzQVhDS0F1TFRWcVRVN0NPSXg1WE52QTRHSnF1YXYxdC9FTTdmS3N6aEtxWFRMeXlVcHBPN3ZIdDgKbWJLQzNFeHhQOVRxSm1HajhFeDU4UjZuMEVUcVo5czlYS0c4T0VmU2Rqc2VyRk8yc3prT2FrTjFVNkdVWGN4WgpzWmVWblpYbWh3Q2JuRG9rdElBbkR2dHZDc3RIQWdNQkFBR2pXVEJYTUE0R0ExVWREd0VCL3dRRUF3SUNwREFQCkJnTlZIUk1CQWY4RUJUQURBUUgvTUIwR0ExVWREZ1FXQkJTTzQ5NjZxYWZOWTRUWWkrUHlUTUtRVzlTYVZ6QVYKQmdOVkhSRUVEakFNZ2dwcmRXSmxjbTVsZEdWek1BMEdDU3FHU0liM0RRRUJDd1VBQTRJQkFRQUx1TGpsM0hjUQpnZy9UMzJSdzBKQnVMbUZ0Y0dMeXYxa0k1WGRPQ1BFL0hPYWpXbTNyYUFMTE5Rb08vTlE5eUtNVWlZUGp6NTlICmxoSWZPL3NDVWxhOHJGUW5zRmliWG9iOHNRY0FrclpEVCtBRkNuK01ITG5GU01BTlNpd0xuSWk1MmVxWVk4cGcKNDJmd1hSK3E2RzJiTnBCc2RnOTlwVEk0b2lMOU4rNkdMQzlScS9Xb1FBa1oxSXlqQVJweU95WE1ycVVuVmIrSApGMWlzLzRCNDcyenZoUEdqWG4vd09zZzdQWi80eEppdW4yTlF1aWVlUjFCTzJ4Vk1Ob1o1ekppUU5NYWkyQ0c1CnNMK3NpZTVaUSswU2ptcW40Nzc0K0twS1pRUk5GSG9RcmJvYkwzZU9IeFN1cFN0QmN3MncvSlNIQWhtRE8zZDAKNlFWd0kvaE9PTkxCCi0tLS0tRU5EIENFUlRJRklDQVRFLS0tLS0K\n    server: https://127.0.0.1:43959\n  name: kind-homosapiens\ncontexts:\n- context:\n    cluster: kind-homosapiens\n    user: kind-homosapiens\n  name: kind-homosapiens\ncurrent-context: kind-homosapiens\nkind: Config\npreferences: {}\nusers:\n- name: kind-homosapiens\n  user:\n    client-certificate-data: LS0tLS1CRUdJTiBDRVJUSUZJQ0FURS0tLS0tCk1JSURLVENDQWhHZ0F3SUJBZ0lJSnUvd0VaTEhBdzB3RFFZSktvWklodmNOQVFFTEJRQXdGVEVUTUJFR0ExVUUKQXhNS2EzVmlaWEp1WlhSbGN6QWVGdzB5TkRBME1qRXdOelUzTURGYUZ3MHlOVEEwTWpFd09EQXlNRE5hTUR3eApIekFkQmdOVkJBb1RGbXQxWW1WaFpHMDZZMngxYzNSbGNpMWhaRzFwYm5NeEdUQVhCZ05WQkFNVEVHdDFZbVZ5CmJtVjBaWE10WVdSdGFXNHdnZ0VpTUEwR0NTcUdTSWIzRFFFQkFRVUFBNElCRHdBd2dnRUtBb0lCQVFENFFxbEkKQmtOUUx4Mkk2TWNVeVhYMHZZZzJ0d2RaNkNGVVlIeWk4VjkvVmFSQkFnUWhDR3hBYnhreDdVT0lnSEJZbFlKcQpkei80Y0R4Z0xSOE5teWRhMWlYWkd0L04xZWpqNWxmU0tETUhGS1NlTjREQVBMbDZWbkRjQjM3RzNxbTJEQ3pECkI1MmtoUWdaQmRwNVFGb1dsVEhCN3krTCtIVnU4OUNjcG5uUzJSdU45SHRSU0Q0S2hXSUErYjd4bHRVRDlRclIKM0FaVjV3b0M3T3VvNDhESVFIME83bnRYWEc1MWNDeDdpVUpVWitGNzNWTmppa1NMMzh6WUVhU3ptQWtVQy9BeAozUERtekcyc1RzWEZMdzdHUkVQSjMwek5pdkp3NXMwdnp4MnRsazZOdFZFT1lubHJYL2F2VTJKVFVuM2VsU1FYCjk1aWFWY05QTkFVR1JTeGRBZ01CQUFHalZqQlVNQTRHQTFVZER3RUIvd1FFQXdJRm9EQVRCZ05WSFNVRUREQUsKQmdnckJnRUZCUWNEQWpBTUJnTlZIUk1CQWY4RUFqQUFNQjhHQTFVZEl3UVlNQmFBRkk3ajNycXBwODFqaE5pTAo0L0pNd3BCYjFKcFhNQTBHQ1NxR1NJYjNEUUVCQ3dVQUE0SUJBUUM0ZzhOQ1JRNEJ6WGRxRzE4RGx6YlN2WUo0ClBjNElBQ29tR0JBcFdOeEl1V050dXhJOGRrbWFIS2NvUFppeEpoNGRXZ0NHZkk0YmR2M1pWRVNrYTRjK00zV1QKK01EVVZ5OEx2cS92RjAyYmNCUTJyeGd5cjg5TmRIWFRNWXp4RU1qbzFsVkxaVWlCZTBoWmJDbWRBc21kWnZVWgpITk9ibHJER0pzNHlhTFJHQ1I2ZnZ0KytXREpWSks4WitLdEw2d1FaZ2pQUStLSkZEWTFLOHFmV3Y4cGFBY2c4CllrRHdQcERYQS9EM2NjZ0FQY2VUNkpTbFU1TU5lVkE5NEFXUDc1a2c4bVZZTTNoNnE2ZTV5OTYyWDNIZjdqSXIKYjFDV2YrTVVEUG5NWFNrbUxOTm9pQzNYOHlWcEpwRVZ5bmFVQ2ltSjhEbWpiVERmNWZISjRqTVlDK0tQCi0tLS0tRU5EIENFUlRJRklDQVRFLS0tLS0K\n    client-key-data: LS0tLS1CRUdJTiBSU0EgUFJJVkFURSBLRVktLS0tLQpNSUlFcEFJQkFBS0NBUUVBK0VLcFNBWkRVQzhkaU9qSEZNbDE5TDJJTnJjSFdlZ2hWR0I4b3ZGZmYxV2tRUUlFCklRaHNRRzhaTWUxRGlJQndXSldDYW5jLytIQThZQzBmRFpzbld0WWwyUnJmemRYbzQrWlgwaWd6QnhTa25qZUEKd0R5NWVsWnczQWQreHQ2cHRnd3N3d2VkcElVSUdRWGFlVUJhRnBVeHdlOHZpL2gxYnZQUW5LWjUwdGtiamZSNwpVVWcrQ29WaUFQbSs4WmJWQS9VSzBkd0dWZWNLQXV6cnFPUEF5RUI5RHU1N1YxeHVkWEFzZTRsQ1ZHZmhlOTFUClk0cEVpOS9NMkJHa3M1Z0pGQXZ3TWR6dzVzeHRyRTdGeFM4T3hrUkR5ZDlNellyeWNPYk5MODhkclpaT2piVlIKRG1KNWExLzJyMU5pVTFKOTNwVWtGL2VZbWxYRFR6UUZCa1VzWFFJREFRQUJBb0lCQUI5RFhjZjVLZTdtRUFVVwpzME5WMzJuVG1GeXpqZFJ2bkFyaEg3RHhUb0pkaVpLNkswVHhwNWd4cFcyWklHRUhNNTZrTFVrMC9UUlBCZnRpCmt6K0dZMTFZREdvYnJVVmhnN04zWldYTXRDaFhIQ2ZrZTIwNStHMkVoeS9lTGNQamRHRzloTUdHcXY1MTFrQTQKY1h2RmM5TFdOTzdrTFF1bVhUdDhycStiYzBudTE3N3diS014UCs5WlR6SEVwc2tDSmJVRjVHblpIdHJjL1ZCMgpQYmlLNjltNWE5VUlZeW8yMWJoZ2lsYUdCaXlpQXd6aGdTZWxhdEV6ZjhsNDhHYW8xNmVrWTIxTzJ5L1JVdy9aCnU0MHM0cllKSDFXeFlMbkl3OXgvakt6WEo5UnBhalFNQWVhOGFNTFJjTy9wRDlHanpQTGhLWWpUZ3Y2V0pSRnoKN3VsVjlnMENnWUVBL3RqODBsa1N4dmVBeTl6ZEJURjdiVU1VQlRYT2czVWpDd2dWUW1sY3JZWjl6SkhGaTREQwo5ejNFL2tNUHcrSm1RSFVvczMvbTJyeGYrNUxLaUxMYmlGSkF5SFVud3N5TzMzNFBxRVRqTzJna3lsWnM0RE5kCndteTRSbFdrUnRxclFWc3g0NEpMa0xZUDAvN1RxdVVQREx0STIrRC9QLzJIRnVrZXdZMXJ0eThDZ1lFQStXSU0KWE9STVVudjZqTzBPNTZ0TG5oL2ZKYkQ1VzZ1aWhWOE1NNkYzUGtxUHZTbGU1MkhuNmpMS1pQK0xIMEl6Uk84ZApLRlpVTlJjTTVIRDJCNUxqOHd3TlFTNmh2ekJIZEVZN0NnNGFBenVDeVN6ekcvS2dwcis5dElmNDRMT000OFhKCkFWUnVoYmd4Qi9DdFlvcDR0dURwOEY2RWxyV21ORTQ2dVNaZnNqTUNnWUVBbzQ4RnE4YXBDM05iZ1B0T0NvQTQKYytaaUdmbnZnV1VUU1lnMWhMcjBWUllFOU43MWh0UHJ6UndpcXdERlJIV3dKRnhNOCs3NWJaY0tqdjRsNkZmSwpGNUthcTB5dGFSTTUrdXdBQm9HM3lLL05OT01FMjF0OEtFVDRlNE9KZkVQcE4zZmM2K1A2dFhSemNoNlJJSlFECjlhclpWdXp2Uk5Wazl1cEU1L25va05jQ2dZQlptdjFPTTBtcEtacnhJQXlHK1dtR08zVjJtWXcvZ0FBNVk5bUMKZzdYUTBBR3R1anU3YjlaZ3REYzg2d1VXQ2pkWndZRDhpV2hnV3hQcTBSdlZ4TlhhOHEyZ2loemNFWURiS3BEMApIL1VBekZWRjY3eStnZ052WnQzSERFUkVtTDg2NkVvOURCVmFQc0IvVmQ4MjFRSmkwNVc3SkhzSG0rVklUZ09UCm0xSXZPUUtCZ1FEanpzVDlvU3poMkllYThSU2FjdTNmajBaa1lKTFlzcjY0a01VRy80emROZlgzVHYyQmhKWlkKdHI0c1UwVkJ4RFQxM0Z1WGFTN2VqMk52MnAvNGpLUGhTbzAxTFUrMGlmYzJpVmhOZlpCZkUyZVRCajQ2Y2d0RgpFd005QVRWa1ZtdytpUmpKYnBvNHd4WCtLUlF1RXBCMHB2QmV6RlVGWmk5bWtYc0JiTjBzdFE9PQotLS0tLUVORCBSU0EgUFJJVkFURSBLRVktLS0tLQo=\n",
            "kubeconfig_path": "/home/madhu/.kube/config",
            "name": "homosapiens",
            "node_image": null,
            "timeouts": null,
            "wait_for_ready": true
          },
          "sensitive_attributes": [],
          "private": "eyJlMmJmYjczMC1lY2FhLTExZTYtOGY4OC0zNDM2M2JjN2M0YzAiOnsiY3JlYXRlIjozMDAwMDAwMDAwMDAsImRlbGV0ZSI6MzAwMDAwMDAwMDAwLCJ1cGRhdGUiOjMwMDAwMDAwMDAwMH19"
        }
      ]
    },
    {
      "module": "module.ingress_controller",
      "mode": "managed",
      "type": "helm_release",
      "name": "ingress_nginx",
      "provider": "module.ingress_controller.provider[\"registry.opentofu.org/hashicorp/helm\"]",
      "instances": [
        {
          "schema_version": 1,
          "attributes": {
            "atomic": false,
            "chart": "ingress-nginx",
            "cleanup_on_fail": false,
            "create_namespace": true,
            "dependency_update": false,
            "description": null,
            "devel": null,
            "disable_crd_hooks": false,
            "disable_openapi_validation": false,
            "disable_webhooks": false,
            "force_update": false,
            "id": "ingress-nginx",
            "keyring": null,
            "lint": false,
            "manifest": null,
            "max_history": 0,
            "metadata": [
              {
                "app_version": "1.10.0",
                "chart": "ingress-nginx",
                "name": "ingress-nginx",
                "namespace": "ingress-nginx",
                "revision": 1,
                "values": "{\"controller\":{\"extraArgs\":{\"default-ssl-certificate\":\"default/wildcard-tls\",\"publish-status-address\":\"localhost\"},\"hostPort\":{\"enabled\":true},\"nodeSelector\":{\"ingress-ready\":\"true\"},\"publishService\":{\"enabled\":false},\"service\":{\"type\":\"NodePort\"},\"tolerations\":[{\"effect\":\"NoSchedule\",\"key\":\"node-role.kubernetes.io/control-plane\",\"operator\":\"Equal\"},{\"effect\":\"NoSchedule\",\"key\":\"node-role.kubernetes.io/master\",\"operator\":\"Equal\"}]},\"defaultBackend\":{\"enabled\":true}}",
                "version": "4.10.0"
              }
            ],
            "name": "ingress-nginx",
            "namespace": "ingress-nginx",
            "pass_credentials": false,
            "postrender": [],
            "recreate_pods": false,
            "render_subchart_notes": true,
            "replace": false,
            "repository": "https://kubernetes.github.io/ingress-nginx",
            "repository_ca_file": null,
            "repository_cert_file": null,
            "repository_key_file": null,
            "repository_password": null,
            "repository_username": null,
            "reset_values": false,
            "reuse_values": false,
            "set": [],
            "set_list": [],
            "set_sensitive": [],
            "skip_crds": false,
            "status": "deployed",
            "timeout": 300,
            "values": [
              "\"controller\":\n  \"extraArgs\":\n    \"default-ssl-certificate\": \"default/wildcard-tls\"\n    \"publish-status-address\": \"localhost\"\n  \"hostPort\":\n    \"enabled\": true\n  \"nodeSelector\":\n    \"ingress-ready\": \"true\"\n  \"publishService\":\n    \"enabled\": false\n  \"service\":\n    \"type\": \"NodePort\"\n  \"tolerations\":\n  - \"effect\": \"NoSchedule\"\n    \"key\": \"node-role.kubernetes.io/control-plane\"\n    \"operator\": \"Equal\"\n  - \"effect\": \"NoSchedule\"\n    \"key\": \"node-role.kubernetes.io/master\"\n    \"operator\": \"Equal\"\n\"defaultBackend\":\n  \"enabled\": true\n"
            ],
            "verify": false,
            "version": "4.10.0",
            "wait": true,
            "wait_for_jobs": false
          },
          "sensitive_attributes": [],
          "private": "eyJzY2hlbWFfdmVyc2lvbiI6IjEifQ==",
          "dependencies": [
            "module.cluster.kind_cluster.daato"
          ]
        }
      ]
    },
    {
      "module": "module.keycloak",
      "mode": "managed",
      "type": "kubernetes_deployment",
      "name": "keycloak_deployment",
      "provider": "module.keycloak.provider[\"registry.opentofu.org/hashicorp/kubernetes\"]",
      "instances": [
        {
          "schema_version": 1,
          "attributes": {
            "id": "default/keycloak",
            "metadata": [
              {
                "annotations": {},
                "generate_name": "",
                "generation": 1,
                "labels": {
                  "app": "keycloakdplymnt"
                },
                "name": "keycloak",
                "namespace": "default",
                "resource_version": "1733",
                "uid": "c7abac19-61c5-4ecc-8a74-98f7d4183349"
              }
            ],
            "spec": [
              {
                "min_ready_seconds": 0,
                "paused": false,
                "progress_deadline_seconds": 600,
                "replicas": "1",
                "revision_history_limit": 10,
                "selector": [
                  {
                    "match_expressions": [],
                    "match_labels": {
                      "app": "keycloak"
                    }
                  }
                ],
                "strategy": [
                  {
                    "rolling_update": [
                      {
                        "max_surge": "25%",
                        "max_unavailable": "25%"
                      }
                    ],
                    "type": "RollingUpdate"
                  }
                ],
                "template": [
                  {
                    "metadata": [
                      {
                        "annotations": {},
                        "generate_name": "",
                        "generation": 0,
                        "labels": {
                          "app": "keycloak"
                        },
                        "name": "",
                        "namespace": "",
                        "resource_version": "",
                        "uid": ""
                      }
                    ],
                    "spec": [
                      {
                        "active_deadline_seconds": 0,
                        "affinity": [],
                        "automount_service_account_token": true,
                        "container": [
                          {
                            "args": [
                              "start-dev"
                            ],
                            "command": [],
                            "env": [
                              {
                                "name": "KEYCLOAK_ADMIN",
                                "value": "admin",
                                "value_from": []
                              },
                              {
                                "name": "KEYCLOAK_ADMIN_PASSWORD",
                                "value": "admin",
                                "value_from": []
                              },
                              {
                                "name": "KC_PROXY",
                                "value": "edge",
                                "value_from": []
                              }
                            ],
                            "env_from": [],
                            "image": "quay.io/keycloak/keycloak:24.0.2",
                            "image_pull_policy": "IfNotPresent",
                            "lifecycle": [],
                            "liveness_probe": [],
                            "name": "keycloak",
                            "port": [
                              {
                                "container_port": 8080,
                                "host_ip": "",
                                "host_port": 0,
                                "name": "http",
                                "protocol": "TCP"
                              }
                            ],
                            "readiness_probe": [
                              {
                                "exec": [],
                                "failure_threshold": 3,
                                "grpc": [],
                                "http_get": [
                                  {
                                    "host": "",
                                    "http_header": [],
                                    "path": "/realms/master",
                                    "port": "8080",
                                    "scheme": "HTTP"
                                  }
                                ],
                                "initial_delay_seconds": 0,
                                "period_seconds": 10,
                                "success_threshold": 1,
                                "tcp_socket": [],
                                "timeout_seconds": 1
                              }
                            ],
                            "resources": [
                              {
                                "limits": {},
                                "requests": {}
                              }
                            ],
                            "security_context": [],
                            "startup_probe": [],
                            "stdin": false,
                            "stdin_once": false,
                            "termination_message_path": "/dev/termination-log",
                            "termination_message_policy": "File",
                            "tty": false,
                            "volume_mount": [],
                            "working_dir": ""
                          }
                        ],
                        "dns_config": [],
                        "dns_policy": "ClusterFirst",
                        "enable_service_links": true,
                        "host_aliases": [],
                        "host_ipc": false,
                        "host_network": false,
                        "host_pid": false,
                        "hostname": "",
                        "image_pull_secrets": [],
                        "init_container": [],
                        "node_name": "",
                        "node_selector": {},
                        "os": [],
                        "priority_class_name": "",
                        "readiness_gate": [],
                        "restart_policy": "Always",
                        "runtime_class_name": "",
                        "scheduler_name": "default-scheduler",
                        "security_context": [],
                        "service_account_name": "",
                        "share_process_namespace": false,
                        "subdomain": "",
                        "termination_grace_period_seconds": 30,
                        "toleration": [],
                        "topology_spread_constraint": [],
                        "volume": []
                      }
                    ]
                  }
                ]
              }
            ],
            "timeouts": null,
            "wait_for_rollout": true
          },
          "sensitive_attributes": [],
          "private": "eyJlMmJmYjczMC1lY2FhLTExZTYtOGY4OC0zNDM2M2JjN2M0YzAiOnsiY3JlYXRlIjo2MDAwMDAwMDAwMDAsImRlbGV0ZSI6NjAwMDAwMDAwMDAwLCJ1cGRhdGUiOjYwMDAwMDAwMDAwMH0sInNjaGVtYV92ZXJzaW9uIjoiMSJ9",
          "dependencies": [
            "module.cluster.kind_cluster.daato"
          ]
        }
      ]
    },
    {
      "module": "module.keycloak",
      "mode": "managed",
      "type": "kubernetes_ingress_v1",
      "name": "keycloak_ingress",
      "provider": "module.keycloak.provider[\"registry.opentofu.org/hashicorp/kubernetes\"]",
      "instances": [
        {
          "schema_version": 0,
          "attributes": {
            "id": "default/keycloak-ingress",
            "metadata": [
              {
                "annotations": {},
                "generate_name": "",
                "generation": 1,
                "labels": {},
                "name": "keycloak-ingress",
                "namespace": "default",
                "resource_version": "1363",
                "uid": "35e5670a-2dd0-4cc8-bcd6-72adf4966b5e"
              }
            ],
            "spec": [
              {
                "default_backend": [],
                "ingress_class_name": "nginx",
                "rule": [
                  {
                    "host": "auth.localhost",
                    "http": [
                      {
                        "path": [
                          {
                            "backend": [
                              {
                                "resource": [],
                                "service": [
                                  {
                                    "name": "keycloak",
                                    "port": [
                                      {
                                        "name": "",
                                        "number": 8080
                                      }
                                    ]
                                  }
                                ]
                              }
                            ],
                            "path": "/",
                            "path_type": "ImplementationSpecific"
                          }
                        ]
                      }
                    ]
                  }
                ],
                "tls": []
              }
            ],
            "status": [
              {
                "load_balancer": [
                  {
                    "ingress": [
                      {
                        "hostname": "localhost",
                        "ip": ""
                      }
                    ]
                  }
                ]
              }
            ],
            "timeouts": null,
            "wait_for_load_balancer": null
          },
          "sensitive_attributes": [],
          "private": "eyJlMmJmYjczMC1lY2FhLTExZTYtOGY4OC0zNDM2M2JjN2M0YzAiOnsiY3JlYXRlIjoxMjAwMDAwMDAwMDAwLCJkZWxldGUiOjEyMDAwMDAwMDAwMDB9fQ==",
          "dependencies": [
            "module.cluster.kind_cluster.daato",
            "module.keycloak.kubernetes_deployment.keycloak_deployment",
            "module.keycloak.kubernetes_service.keycloak_service"
          ]
        }
      ]
    },
    {
      "module": "module.keycloak",
      "mode": "managed",
      "type": "kubernetes_service",
      "name": "keycloak_service",
      "provider": "module.keycloak.provider[\"registry.opentofu.org/hashicorp/kubernetes\"]",
      "instances": [
        {
          "schema_version": 1,
          "attributes": {
            "id": "default/keycloak",
            "metadata": [
              {
                "annotations": {},
                "generate_name": "",
                "generation": 0,
                "labels": {
                  "app": "keycloak_service"
                },
                "name": "keycloak",
                "namespace": "default",
                "resource_version": "1095",
                "uid": "89d23df7-6b0e-40c5-90d8-6a157ace901c"
              }
            ],
            "spec": [
              {
                "allocate_load_balancer_node_ports": true,
                "cluster_ip": "10.96.3.189",
                "cluster_ips": [
                  "10.96.3.189"
                ],
                "external_ips": [],
                "external_name": "",
                "external_traffic_policy": "",
                "health_check_node_port": 0,
                "internal_traffic_policy": "Cluster",
                "ip_families": [
                  "IPv4"
                ],
                "ip_family_policy": "SingleStack",
                "load_balancer_class": "",
                "load_balancer_ip": "",
                "load_balancer_source_ranges": [],
                "port": [
                  {
                    "app_protocol": "",
                    "name": "",
                    "node_port": 0,
                    "port": 8080,
                    "protocol": "TCP",
                    "target_port": "8080"
                  }
                ],
                "publish_not_ready_addresses": false,
                "selector": {
                  "app": "keycloak"
                },
                "session_affinity": "None",
                "session_affinity_config": [],
                "type": "ClusterIP"
              }
            ],
            "status": [
              {
                "load_balancer": [
                  {
                    "ingress": []
                  }
                ]
              }
            ],
            "timeouts": null,
            "wait_for_load_balancer": true
          },
          "sensitive_attributes": [],
          "private": "eyJlMmJmYjczMC1lY2FhLTExZTYtOGY4OC0zNDM2M2JjN2M0YzAiOnsiY3JlYXRlIjo2MDAwMDAwMDAwMDB9LCJzY2hlbWFfdmVyc2lvbiI6IjEifQ==",
          "dependencies": [
            "module.cluster.kind_cluster.daato",
            "module.keycloak.kubernetes_deployment.keycloak_deployment"
          ]
        }
      ]
    },
    {
      "module": "module.kubernetes_secret",
      "mode": "data",
      "type": "template_file",
      "name": "wildcard_tls_cert",
      "provider": "provider[\"registry.opentofu.org/hashicorp/template\"]",
      "instances": [
        {
          "schema_version": 0,
          "attributes": {
            "filename": null,
            "id": "0e2d1b87cffd0866c6d2e040c563a0864686fad4b38a1ca7982e1054ce45c3ce",
            "rendered": "-----BEGIN CERTIFICATE-----\nMIIECDCCAnCgAwIBAgIQGS5l3vEO0YM4vp+mMmlxSDANBgkqhkiG9w0BAQsFADBb\nMR4wHAYDVQQKExVta2NlcnQgZGV2ZWxvcG1lbnQgQ0ExGDAWBgNVBAsMD21hZGh1\nQGFyY2hsaW51eDEfMB0GA1UEAwwWbWtjZXJ0IG1hZGh1QGFyY2hsaW51eDAeFw0y\nNDA0MjExMDAxNTlaFw0yNjA3MjExMDAxNTlaMEMxJzAlBgNVBAoTHm1rY2VydCBk\nZXZlbG9wbWVudCBjZXJ0aWZpY2F0ZTEYMBYGA1UECwwPbWFkaHVAYXJjaGxpbnV4\nMIIBIjANBgkqhkiG9w0BAQEFAAOCAQ8AMIIBCgKCAQEAv+v2LU5WaP11kSQnDll8\nkqszOZUQ0AzpWs5hOygJTKIYOkXNJCjo0C0rI90R0m8RRjt3pqQTtRkbqz6423IG\nNvIluiM20fyh2iCnjVGzZTzmg/9GmAjz0DSlypH/5OLfAEuXVFII8odB45myyeKG\n+oK7haILhDPNujCAGTX9xLnohHSAc5NwUqJuQKaXT8kL+rlYitVICCZbdVVNxkYt\n2YHukCj8Oi1zLc/TgX7R3nS51N/wpKYGT28U4AT4BI3T+L6g56aX0AaKI0yP8ypc\nuirTE/5kyozntA6005Q4iFIR1BOZJXj3EU+GT6z1ez+6gpG4zbBDKhOV9Jb313Mg\n2QIDAQABo2AwXjAOBgNVHQ8BAf8EBAMCBaAwEwYDVR0lBAwwCgYIKwYBBQUHAwEw\nHwYDVR0jBBgwFoAUXqDefv/84IgVtm/djzkwcvScjTswFgYDVR0RBA8wDYILKi5s\nb2NhbGhvc3QwDQYJKoZIhvcNAQELBQADggGBALb2DKUp5rFDq6OndjaJ8s7VKOoH\nPZiUTGcvafEYun12hPmoiUcFQj9i/9HiyemsPRcPMMA2ZkrTHo6lLEuojRl3cdYo\nz0/RCG3yZxhebz/Z/TAIjlSnq8jwGJdWoqgvBAUWKZOB8qahHxFELDqJliJrx2yQ\nlyS3SVzQr3jsYJyCYDFd72ls9OZTAhcABiEYSNy27FcEZDyC7JW23dplVDAWpNCo\nG1TIkhFH/3+mH+AclbXB07iiL0Rw73h+mhmx2zK8kH+0YqrgRMoRVYBoB/Gc6tPq\nZdieUu2JZ8T5CfQZjQNyOZ/6yfq5QU9NX0FBk+nwU1GNWnY2LB3NfG4nim3TMyKg\nNwOn4Rxla+kZth0B742VyhzSBdPQnD8bG86N06ey0CteSEiMD2JdqBsEOU9IR0eq\ntmpXQ1J7Zz4bKEX3J8mJbxeJezIDZs/pJX7lxK14SUJhe6PgE6q15t1pIMp1nm0z\nIDJZhpiEInyG/66I0mxog9QJ86m7U0ObE8s8wg==\n-----END CERTIFICATE-----\n",
            "template": "-----BEGIN CERTIFICATE-----\nMIIECDCCAnCgAwIBAgIQGS5l3vEO0YM4vp+mMmlxSDANBgkqhkiG9w0BAQsFADBb\nMR4wHAYDVQQKExVta2NlcnQgZGV2ZWxvcG1lbnQgQ0ExGDAWBgNVBAsMD21hZGh1\nQGFyY2hsaW51eDEfMB0GA1UEAwwWbWtjZXJ0IG1hZGh1QGFyY2hsaW51eDAeFw0y\nNDA0MjExMDAxNTlaFw0yNjA3MjExMDAxNTlaMEMxJzAlBgNVBAoTHm1rY2VydCBk\nZXZlbG9wbWVudCBjZXJ0aWZpY2F0ZTEYMBYGA1UECwwPbWFkaHVAYXJjaGxpbnV4\nMIIBIjANBgkqhkiG9w0BAQEFAAOCAQ8AMIIBCgKCAQEAv+v2LU5WaP11kSQnDll8\nkqszOZUQ0AzpWs5hOygJTKIYOkXNJCjo0C0rI90R0m8RRjt3pqQTtRkbqz6423IG\nNvIluiM20fyh2iCnjVGzZTzmg/9GmAjz0DSlypH/5OLfAEuXVFII8odB45myyeKG\n+oK7haILhDPNujCAGTX9xLnohHSAc5NwUqJuQKaXT8kL+rlYitVICCZbdVVNxkYt\n2YHukCj8Oi1zLc/TgX7R3nS51N/wpKYGT28U4AT4BI3T+L6g56aX0AaKI0yP8ypc\nuirTE/5kyozntA6005Q4iFIR1BOZJXj3EU+GT6z1ez+6gpG4zbBDKhOV9Jb313Mg\n2QIDAQABo2AwXjAOBgNVHQ8BAf8EBAMCBaAwEwYDVR0lBAwwCgYIKwYBBQUHAwEw\nHwYDVR0jBBgwFoAUXqDefv/84IgVtm/djzkwcvScjTswFgYDVR0RBA8wDYILKi5s\nb2NhbGhvc3QwDQYJKoZIhvcNAQELBQADggGBALb2DKUp5rFDq6OndjaJ8s7VKOoH\nPZiUTGcvafEYun12hPmoiUcFQj9i/9HiyemsPRcPMMA2ZkrTHo6lLEuojRl3cdYo\nz0/RCG3yZxhebz/Z/TAIjlSnq8jwGJdWoqgvBAUWKZOB8qahHxFELDqJliJrx2yQ\nlyS3SVzQr3jsYJyCYDFd72ls9OZTAhcABiEYSNy27FcEZDyC7JW23dplVDAWpNCo\nG1TIkhFH/3+mH+AclbXB07iiL0Rw73h+mhmx2zK8kH+0YqrgRMoRVYBoB/Gc6tPq\nZdieUu2JZ8T5CfQZjQNyOZ/6yfq5QU9NX0FBk+nwU1GNWnY2LB3NfG4nim3TMyKg\nNwOn4Rxla+kZth0B742VyhzSBdPQnD8bG86N06ey0CteSEiMD2JdqBsEOU9IR0eq\ntmpXQ1J7Zz4bKEX3J8mJbxeJezIDZs/pJX7lxK14SUJhe6PgE6q15t1pIMp1nm0z\nIDJZhpiEInyG/66I0mxog9QJ86m7U0ObE8s8wg==\n-----END CERTIFICATE-----\n",
            "vars": null
          },
          "sensitive_attributes": []
        }
      ]
    },
    {
      "module": "module.kubernetes_secret",
      "mode": "data",
      "type": "template_file",
      "name": "wildcard_tls_key",
      "provider": "provider[\"registry.opentofu.org/hashicorp/template\"]",
      "instances": [
        {
          "schema_version": 0,
          "attributes": {
            "filename": null,
            "id": "93fe9e967abd882c0d79bb813462b5ab61495ffc70e79505370fb138316c3b74",
            "rendered": "-----BEGIN PRIVATE KEY-----\nMIIEvwIBADANBgkqhkiG9w0BAQEFAASCBKkwggSlAgEAAoIBAQC/6/YtTlZo/XWR\nJCcOWXySqzM5lRDQDOlazmE7KAlMohg6Rc0kKOjQLSsj3RHSbxFGO3empBO1GRur\nPrjbcgY28iW6IzbR/KHaIKeNUbNlPOaD/0aYCPPQNKXKkf/k4t8AS5dUUgjyh0Hj\nmbLJ4ob6gruFoguEM826MIAZNf3EueiEdIBzk3BSom5AppdPyQv6uViK1UgIJlt1\nVU3GRi3Zge6QKPw6LXMtz9OBftHedLnU3/CkpgZPbxTgBPgEjdP4vqDnppfQBooj\nTI/zKly6KtMT/mTKjOe0DrTTlDiIUhHUE5klePcRT4ZPrPV7P7qCkbjNsEMqE5X0\nlvfXcyDZAgMBAAECggEAB2HzSVDfIBDH6fpjCjlFAntVcByc1fP5MgYIVXc3zFvb\n5Ln0pzRvqDpkk2+YlOiy2GnHM4DSRUAfAVpbUA210X1FGEDshe1a6IIjD9uZtAZA\ns8kpFQYbIuIzknRFTK+xdlhyDMtPDs1HKpMp/nwZRx+qSPyvxrkba9Mbylx6U4vm\nD2svQlBDbBQ8W9Hqi7SlLLPDU4rPQOXWYn0bk3vT/TIfHax62ythtXajcv+waI92\nD9GG70AbaowXi5KDspOUvQtmRTVeWhqSzIw9/J0aQoTsHCAqDd8NQDgyAv5fufts\n3PD3lJfWx9rmEgqAsGIO+pGYAmGu6C5CyQ9RJWgEgQKBgQD3HRRmP0s3+IfLwtmR\nCNuQFN+QQwn6Im4tOJjE2lGii6QIUI6hn674dNAKx8FT/OL7buwNbTndOHLPEnN4\nMJzokdx0+44knkKKb7ceuQdegWaY4Xel2+cAdNBLRy7R/rEhi6psLXCfImqV5/IW\nFv8I11RIH+XZcO4kTzG13oNuyQKBgQDG0smKdvIIlxElezv6bzjyEDPABi5VVwlj\nuCro7NQASK06C6bkVjr2hjC9FaBObu+cjgEDH/X+X6Q41s2WdrFRsp+gVb22Kt41\nNFdXwOFoEnb8260CwxLZ0Lcg0lKki/LnGz1bHan35pmZSLMutiAPiUPhZgc12LXY\n4wYwVNHZkQKBgQCk7BCASP/PhBxFXm7MAChhWbz3T/aprS7xGVPEFZzkKeQ49GKs\n9aDWC0gJ2dVqU129xwLd1ycGQLVHBB5yeadPBIIoxPbR85mfQP3rEDwd06kAoYGz\n/TaHtG6Lvx89YYkgRVFhT1ZZrqOKFroYChL9+JA0bq19WIRnUT9xDOeVGQKBgQCv\nBs6vGyjUURCiG0tgmlraFVNJPue47sbwRydXJ2011sTQLYO8zQBZFyZ+vjQB9/zt\np8DSXGd0iAOMmeQgCdrtXb7SKci5PiGhWrNtJ/oGYQLodAZpQQsuPmOH/D8OZbju\no/cuZ/3Bovoii3JZs7CjnKXqHaRJTb4/8RL4pyKZUQKBgQDHSYJ24hGXt2s25LWJ\nFLw0oUg2+MCBAKuPHlivEnvEzkWdry1zE8hlqhLe2a+hGz8qtzHTnnhk0SrRu9Rf\nmItG4d77O/bqTqt/KrPLMp+1ur+C61ZZhoqOCBkWFJC0UHDUztvmDouOtkNmSzBY\naTW7ovw7xaGaEzoa9RJJplDsMw==\n-----END PRIVATE KEY-----\n",
            "template": "-----BEGIN PRIVATE KEY-----\nMIIEvwIBADANBgkqhkiG9w0BAQEFAASCBKkwggSlAgEAAoIBAQC/6/YtTlZo/XWR\nJCcOWXySqzM5lRDQDOlazmE7KAlMohg6Rc0kKOjQLSsj3RHSbxFGO3empBO1GRur\nPrjbcgY28iW6IzbR/KHaIKeNUbNlPOaD/0aYCPPQNKXKkf/k4t8AS5dUUgjyh0Hj\nmbLJ4ob6gruFoguEM826MIAZNf3EueiEdIBzk3BSom5AppdPyQv6uViK1UgIJlt1\nVU3GRi3Zge6QKPw6LXMtz9OBftHedLnU3/CkpgZPbxTgBPgEjdP4vqDnppfQBooj\nTI/zKly6KtMT/mTKjOe0DrTTlDiIUhHUE5klePcRT4ZPrPV7P7qCkbjNsEMqE5X0\nlvfXcyDZAgMBAAECggEAB2HzSVDfIBDH6fpjCjlFAntVcByc1fP5MgYIVXc3zFvb\n5Ln0pzRvqDpkk2+YlOiy2GnHM4DSRUAfAVpbUA210X1FGEDshe1a6IIjD9uZtAZA\ns8kpFQYbIuIzknRFTK+xdlhyDMtPDs1HKpMp/nwZRx+qSPyvxrkba9Mbylx6U4vm\nD2svQlBDbBQ8W9Hqi7SlLLPDU4rPQOXWYn0bk3vT/TIfHax62ythtXajcv+waI92\nD9GG70AbaowXi5KDspOUvQtmRTVeWhqSzIw9/J0aQoTsHCAqDd8NQDgyAv5fufts\n3PD3lJfWx9rmEgqAsGIO+pGYAmGu6C5CyQ9RJWgEgQKBgQD3HRRmP0s3+IfLwtmR\nCNuQFN+QQwn6Im4tOJjE2lGii6QIUI6hn674dNAKx8FT/OL7buwNbTndOHLPEnN4\nMJzokdx0+44knkKKb7ceuQdegWaY4Xel2+cAdNBLRy7R/rEhi6psLXCfImqV5/IW\nFv8I11RIH+XZcO4kTzG13oNuyQKBgQDG0smKdvIIlxElezv6bzjyEDPABi5VVwlj\nuCro7NQASK06C6bkVjr2hjC9FaBObu+cjgEDH/X+X6Q41s2WdrFRsp+gVb22Kt41\nNFdXwOFoEnb8260CwxLZ0Lcg0lKki/LnGz1bHan35pmZSLMutiAPiUPhZgc12LXY\n4wYwVNHZkQKBgQCk7BCASP/PhBxFXm7MAChhWbz3T/aprS7xGVPEFZzkKeQ49GKs\n9aDWC0gJ2dVqU129xwLd1ycGQLVHBB5yeadPBIIoxPbR85mfQP3rEDwd06kAoYGz\n/TaHtG6Lvx89YYkgRVFhT1ZZrqOKFroYChL9+JA0bq19WIRnUT9xDOeVGQKBgQCv\nBs6vGyjUURCiG0tgmlraFVNJPue47sbwRydXJ2011sTQLYO8zQBZFyZ+vjQB9/zt\np8DSXGd0iAOMmeQgCdrtXb7SKci5PiGhWrNtJ/oGYQLodAZpQQsuPmOH/D8OZbju\no/cuZ/3Bovoii3JZs7CjnKXqHaRJTb4/8RL4pyKZUQKBgQDHSYJ24hGXt2s25LWJ\nFLw0oUg2+MCBAKuPHlivEnvEzkWdry1zE8hlqhLe2a+hGz8qtzHTnnhk0SrRu9Rf\nmItG4d77O/bqTqt/KrPLMp+1ur+C61ZZhoqOCBkWFJC0UHDUztvmDouOtkNmSzBY\naTW7ovw7xaGaEzoa9RJJplDsMw==\n-----END PRIVATE KEY-----\n",
            "vars": null
          },
          "sensitive_attributes": []
        }
      ]
    },
    {
      "module": "module.kubernetes_secret",
      "mode": "managed",
      "type": "kubernetes_secret_v1",
      "name": "name",
      "provider": "module.kubernetes_secret.provider[\"registry.opentofu.org/hashicorp/kubernetes\"]",
      "instances": [
        {
          "schema_version": 0,
          "attributes": {
            "binary_data": null,
            "data": {
              "tls.crt": "-----BEGIN CERTIFICATE-----\nMIIECDCCAnCgAwIBAgIQGS5l3vEO0YM4vp+mMmlxSDANBgkqhkiG9w0BAQsFADBb\nMR4wHAYDVQQKExVta2NlcnQgZGV2ZWxvcG1lbnQgQ0ExGDAWBgNVBAsMD21hZGh1\nQGFyY2hsaW51eDEfMB0GA1UEAwwWbWtjZXJ0IG1hZGh1QGFyY2hsaW51eDAeFw0y\nNDA0MjExMDAxNTlaFw0yNjA3MjExMDAxNTlaMEMxJzAlBgNVBAoTHm1rY2VydCBk\nZXZlbG9wbWVudCBjZXJ0aWZpY2F0ZTEYMBYGA1UECwwPbWFkaHVAYXJjaGxpbnV4\nMIIBIjANBgkqhkiG9w0BAQEFAAOCAQ8AMIIBCgKCAQEAv+v2LU5WaP11kSQnDll8\nkqszOZUQ0AzpWs5hOygJTKIYOkXNJCjo0C0rI90R0m8RRjt3pqQTtRkbqz6423IG\nNvIluiM20fyh2iCnjVGzZTzmg/9GmAjz0DSlypH/5OLfAEuXVFII8odB45myyeKG\n+oK7haILhDPNujCAGTX9xLnohHSAc5NwUqJuQKaXT8kL+rlYitVICCZbdVVNxkYt\n2YHukCj8Oi1zLc/TgX7R3nS51N/wpKYGT28U4AT4BI3T+L6g56aX0AaKI0yP8ypc\nuirTE/5kyozntA6005Q4iFIR1BOZJXj3EU+GT6z1ez+6gpG4zbBDKhOV9Jb313Mg\n2QIDAQABo2AwXjAOBgNVHQ8BAf8EBAMCBaAwEwYDVR0lBAwwCgYIKwYBBQUHAwEw\nHwYDVR0jBBgwFoAUXqDefv/84IgVtm/djzkwcvScjTswFgYDVR0RBA8wDYILKi5s\nb2NhbGhvc3QwDQYJKoZIhvcNAQELBQADggGBALb2DKUp5rFDq6OndjaJ8s7VKOoH\nPZiUTGcvafEYun12hPmoiUcFQj9i/9HiyemsPRcPMMA2ZkrTHo6lLEuojRl3cdYo\nz0/RCG3yZxhebz/Z/TAIjlSnq8jwGJdWoqgvBAUWKZOB8qahHxFELDqJliJrx2yQ\nlyS3SVzQr3jsYJyCYDFd72ls9OZTAhcABiEYSNy27FcEZDyC7JW23dplVDAWpNCo\nG1TIkhFH/3+mH+AclbXB07iiL0Rw73h+mhmx2zK8kH+0YqrgRMoRVYBoB/Gc6tPq\nZdieUu2JZ8T5CfQZjQNyOZ/6yfq5QU9NX0FBk+nwU1GNWnY2LB3NfG4nim3TMyKg\nNwOn4Rxla+kZth0B742VyhzSBdPQnD8bG86N06ey0CteSEiMD2JdqBsEOU9IR0eq\ntmpXQ1J7Zz4bKEX3J8mJbxeJezIDZs/pJX7lxK14SUJhe6PgE6q15t1pIMp1nm0z\nIDJZhpiEInyG/66I0mxog9QJ86m7U0ObE8s8wg==\n-----END CERTIFICATE-----\n",
              "tls.key": "-----BEGIN PRIVATE KEY-----\nMIIEvwIBADANBgkqhkiG9w0BAQEFAASCBKkwggSlAgEAAoIBAQC/6/YtTlZo/XWR\nJCcOWXySqzM5lRDQDOlazmE7KAlMohg6Rc0kKOjQLSsj3RHSbxFGO3empBO1GRur\nPrjbcgY28iW6IzbR/KHaIKeNUbNlPOaD/0aYCPPQNKXKkf/k4t8AS5dUUgjyh0Hj\nmbLJ4ob6gruFoguEM826MIAZNf3EueiEdIBzk3BSom5AppdPyQv6uViK1UgIJlt1\nVU3GRi3Zge6QKPw6LXMtz9OBftHedLnU3/CkpgZPbxTgBPgEjdP4vqDnppfQBooj\nTI/zKly6KtMT/mTKjOe0DrTTlDiIUhHUE5klePcRT4ZPrPV7P7qCkbjNsEMqE5X0\nlvfXcyDZAgMBAAECggEAB2HzSVDfIBDH6fpjCjlFAntVcByc1fP5MgYIVXc3zFvb\n5Ln0pzRvqDpkk2+YlOiy2GnHM4DSRUAfAVpbUA210X1FGEDshe1a6IIjD9uZtAZA\ns8kpFQYbIuIzknRFTK+xdlhyDMtPDs1HKpMp/nwZRx+qSPyvxrkba9Mbylx6U4vm\nD2svQlBDbBQ8W9Hqi7SlLLPDU4rPQOXWYn0bk3vT/TIfHax62ythtXajcv+waI92\nD9GG70AbaowXi5KDspOUvQtmRTVeWhqSzIw9/J0aQoTsHCAqDd8NQDgyAv5fufts\n3PD3lJfWx9rmEgqAsGIO+pGYAmGu6C5CyQ9RJWgEgQKBgQD3HRRmP0s3+IfLwtmR\nCNuQFN+QQwn6Im4tOJjE2lGii6QIUI6hn674dNAKx8FT/OL7buwNbTndOHLPEnN4\nMJzokdx0+44knkKKb7ceuQdegWaY4Xel2+cAdNBLRy7R/rEhi6psLXCfImqV5/IW\nFv8I11RIH+XZcO4kTzG13oNuyQKBgQDG0smKdvIIlxElezv6bzjyEDPABi5VVwlj\nuCro7NQASK06C6bkVjr2hjC9FaBObu+cjgEDH/X+X6Q41s2WdrFRsp+gVb22Kt41\nNFdXwOFoEnb8260CwxLZ0Lcg0lKki/LnGz1bHan35pmZSLMutiAPiUPhZgc12LXY\n4wYwVNHZkQKBgQCk7BCASP/PhBxFXm7MAChhWbz3T/aprS7xGVPEFZzkKeQ49GKs\n9aDWC0gJ2dVqU129xwLd1ycGQLVHBB5yeadPBIIoxPbR85mfQP3rEDwd06kAoYGz\n/TaHtG6Lvx89YYkgRVFhT1ZZrqOKFroYChL9+JA0bq19WIRnUT9xDOeVGQKBgQCv\nBs6vGyjUURCiG0tgmlraFVNJPue47sbwRydXJ2011sTQLYO8zQBZFyZ+vjQB9/zt\np8DSXGd0iAOMmeQgCdrtXb7SKci5PiGhWrNtJ/oGYQLodAZpQQsuPmOH/D8OZbju\no/cuZ/3Bovoii3JZs7CjnKXqHaRJTb4/8RL4pyKZUQKBgQDHSYJ24hGXt2s25LWJ\nFLw0oUg2+MCBAKuPHlivEnvEzkWdry1zE8hlqhLe2a+hGz8qtzHTnnhk0SrRu9Rf\nmItG4d77O/bqTqt/KrPLMp+1ur+C61ZZhoqOCBkWFJC0UHDUztvmDouOtkNmSzBY\naTW7ovw7xaGaEzoa9RJJplDsMw==\n-----END PRIVATE KEY-----\n"
            },
            "id": "default/wildcard-tls",
            "immutable": false,
            "metadata": [
              {
                "annotations": null,
                "generate_name": "",
                "generation": 0,
                "labels": null,
                "name": "wildcard-tls",
                "namespace": "default",
                "resource_version": "5771",
                "uid": "8002da6c-fe27-495c-9e82-2fbbebc30474"
              }
            ],
            "timeouts": null,
            "type": "kubernetes.io/tls",
            "wait_for_service_account_token": true
          },
          "sensitive_attributes": [],
          "private": "eyJlMmJmYjczMC1lY2FhLTExZTYtOGY4OC0zNDM2M2JjN2M0YzAiOnsiY3JlYXRlIjo2MDAwMDAwMDAwMH19",
          "dependencies": [
            "module.cluster.kind_cluster.daato"
          ]
        }
      ]
    },
    {
      "module": "module.react",
      "mode": "managed",
      "type": "kubernetes_deployment",
      "name": "react_deployment",
      "provider": "module.react.provider[\"registry.opentofu.org/hashicorp/kubernetes\"]",
      "instances": [
        {
          "schema_version": 1,
          "attributes": {
            "id": "default/react",
            "metadata": [
              {
                "annotations": {},
                "generate_name": "",
                "generation": 1,
                "labels": {
                  "app": "reactdplymnt"
                },
                "name": "react",
                "namespace": "default",
                "resource_version": "896",
                "uid": "64861bb9-5cc8-4d51-b0d9-609a34f9f77a"
              }
            ],
            "spec": [
              {
                "min_ready_seconds": 0,
                "paused": false,
                "progress_deadline_seconds": 600,
                "replicas": "1",
                "revision_history_limit": 10,
                "selector": [
                  {
                    "match_expressions": [],
                    "match_labels": {
                      "app": "react"
                    }
                  }
                ],
                "strategy": [
                  {
                    "rolling_update": [
                      {
                        "max_surge": "25%",
                        "max_unavailable": "25%"
                      }
                    ],
                    "type": "RollingUpdate"
                  }
                ],
                "template": [
                  {
                    "metadata": [
                      {
                        "annotations": {},
                        "generate_name": "",
                        "generation": 0,
                        "labels": {
                          "app": "react"
                        },
                        "name": "",
                        "namespace": "",
                        "resource_version": "",
                        "uid": ""
                      }
                    ],
                    "spec": [
                      {
                        "active_deadline_seconds": 0,
                        "affinity": [],
                        "automount_service_account_token": true,
                        "container": [
                          {
                            "args": [],
                            "command": [],
                            "env": [
                              {
                                "name": "REACT_APP_URL",
                                "value": "http://auth.localhost/",
                                "value_from": []
                              }
                            ],
                            "env_from": [],
                            "image": "madhu86/iamreact1",
                            "image_pull_policy": "Always",
                            "lifecycle": [],
                            "liveness_probe": [],
                            "name": "react",
                            "port": [
                              {
                                "container_port": 3000,
                                "host_ip": "",
                                "host_port": 0,
                                "name": "",
                                "protocol": "TCP"
                              }
                            ],
                            "readiness_probe": [],
                            "resources": [
                              {
                                "limits": {},
                                "requests": {}
                              }
                            ],
                            "security_context": [],
                            "startup_probe": [],
                            "stdin": false,
                            "stdin_once": false,
                            "termination_message_path": "/dev/termination-log",
                            "termination_message_policy": "File",
                            "tty": false,
                            "volume_mount": [],
                            "working_dir": ""
                          }
                        ],
                        "dns_config": [],
                        "dns_policy": "ClusterFirst",
                        "enable_service_links": true,
                        "host_aliases": [],
                        "host_ipc": false,
                        "host_network": false,
                        "host_pid": false,
                        "hostname": "",
                        "image_pull_secrets": [],
                        "init_container": [],
                        "node_name": "",
                        "node_selector": {},
                        "os": [],
                        "priority_class_name": "",
                        "readiness_gate": [],
                        "restart_policy": "Always",
                        "runtime_class_name": "",
                        "scheduler_name": "default-scheduler",
                        "security_context": [],
                        "service_account_name": "",
                        "share_process_namespace": false,
                        "subdomain": "",
                        "termination_grace_period_seconds": 30,
                        "toleration": [],
                        "topology_spread_constraint": [],
                        "volume": []
                      }
                    ]
                  }
                ]
              }
            ],
            "timeouts": null,
            "wait_for_rollout": true
          },
          "sensitive_attributes": [],
          "private": "eyJlMmJmYjczMC1lY2FhLTExZTYtOGY4OC0zNDM2M2JjN2M0YzAiOnsiY3JlYXRlIjo2MDAwMDAwMDAwMDAsImRlbGV0ZSI6NjAwMDAwMDAwMDAwLCJ1cGRhdGUiOjYwMDAwMDAwMDAwMH0sInNjaGVtYV92ZXJzaW9uIjoiMSJ9",
          "dependencies": [
            "module.cluster.kind_cluster.daato"
          ]
        }
      ]
    },
    {
      "module": "module.react",
      "mode": "managed",
      "type": "kubernetes_ingress_v1",
      "name": "react_ingress",
      "provider": "module.react.provider[\"registry.opentofu.org/hashicorp/kubernetes\"]",
      "instances": [
        {
          "schema_version": 0,
          "attributes": {
            "id": "default/react-ingress",
            "metadata": [
              {
                "annotations": {},
                "generate_name": "",
                "generation": 1,
                "labels": {},
                "name": "react-ingress",
                "namespace": "default",
                "resource_version": "1361",
                "uid": "953d2a00-3f9e-4874-bd18-f37895a3999e"
              }
            ],
            "spec": [
              {
                "default_backend": [],
                "ingress_class_name": "nginx",
                "rule": [
                  {
                    "host": "app.localhost",
                    "http": [
                      {
                        "path": [
                          {
                            "backend": [
                              {
                                "resource": [],
                                "service": [
                                  {
                                    "name": "react",
                                    "port": [
                                      {
                                        "name": "",
                                        "number": 3000
                                      }
                                    ]
                                  }
                                ]
                              }
                            ],
                            "path": "/",
                            "path_type": "ImplementationSpecific"
                          }
                        ]
                      }
                    ]
                  }
                ],
                "tls": []
              }
            ],
            "status": [
              {
                "load_balancer": [
                  {
                    "ingress": [
                      {
                        "hostname": "localhost",
                        "ip": ""
                      }
                    ]
                  }
                ]
              }
            ],
            "timeouts": null,
            "wait_for_load_balancer": null
          },
          "sensitive_attributes": [],
          "private": "eyJlMmJmYjczMC1lY2FhLTExZTYtOGY4OC0zNDM2M2JjN2M0YzAiOnsiY3JlYXRlIjoxMjAwMDAwMDAwMDAwLCJkZWxldGUiOjEyMDAwMDAwMDAwMDB9fQ==",
          "dependencies": [
            "module.cluster.kind_cluster.daato",
            "module.react.kubernetes_deployment.react_deployment",
            "module.react.kubernetes_service.react_service"
          ]
        }
      ]
    },
    {
      "module": "module.react",
      "mode": "managed",
      "type": "kubernetes_service",
      "name": "react_service",
      "provider": "module.react.provider[\"registry.opentofu.org/hashicorp/kubernetes\"]",
      "instances": [
        {
          "schema_version": 1,
          "attributes": {
            "id": "default/react",
            "metadata": [
              {
                "annotations": {},
                "generate_name": "",
                "generation": 0,
                "labels": {
                  "app": "react_service"
                },
                "name": "react",
                "namespace": "default",
                "resource_version": "899",
                "uid": "7deb9633-aa84-44f7-8c1f-4c182fdab1f1"
              }
            ],
            "spec": [
              {
                "allocate_load_balancer_node_ports": true,
                "cluster_ip": "10.96.120.198",
                "cluster_ips": [
                  "10.96.120.198"
                ],
                "external_ips": [],
                "external_name": "",
                "external_traffic_policy": "Cluster",
                "health_check_node_port": 0,
                "internal_traffic_policy": "Cluster",
                "ip_families": [
                  "IPv4"
                ],
                "ip_family_policy": "SingleStack",
                "load_balancer_class": "",
                "load_balancer_ip": "",
                "load_balancer_source_ranges": [],
                "port": [
                  {
                    "app_protocol": "",
                    "name": "",
                    "node_port": 31038,
                    "port": 3000,
                    "protocol": "TCP",
                    "target_port": "3000"
                  }
                ],
                "publish_not_ready_addresses": false,
                "selector": {
                  "app": "react"
                },
                "session_affinity": "None",
                "session_affinity_config": [],
                "type": "NodePort"
              }
            ],
            "status": [
              {
                "load_balancer": [
                  {
                    "ingress": []
                  }
                ]
              }
            ],
            "timeouts": null,
            "wait_for_load_balancer": true
          },
          "sensitive_attributes": [],
          "private": "eyJlMmJmYjczMC1lY2FhLTExZTYtOGY4OC0zNDM2M2JjN2M0YzAiOnsiY3JlYXRlIjo2MDAwMDAwMDAwMDB9LCJzY2hlbWFfdmVyc2lvbiI6IjEifQ==",
          "dependencies": [
            "module.cluster.kind_cluster.daato",
            "module.react.kubernetes_deployment.react_deployment"
          ]
        }
      ]
    }
  ],
  "check_results": null
}
